{
  "version": 4,
  "terraform_version": "1.13.2",
  "serial": 143,
  "lineage": "fcca8f8a-7498-d31b-6de1-018fa9697087",
  "outputs": {
    "alb_dns_name": {
      "value": "sbh-alb-dev-1355025660.us-west-2.elb.amazonaws.com",
      "type": "string"
    },
    "alb_zone_id": {
      "value": "Z1H1FL5HABSF5",
      "type": "string"
    },
    "ecr_repository_name": {
      "value": "sbh-repo-dev",
      "type": "string"
    },
    "ecr_repository_uri": {
      "value": "776567512687.dkr.ecr.us-west-2.amazonaws.com/sbh-repo-dev",
      "type": "string"
    },
    "ecs_cluster_arn": {
      "value": "arn:aws:ecs:us-west-2:776567512687:cluster/sbh-cluster-dev",
      "type": "string"
    },
    "ecs_cluster_name": {
      "value": "sbh-cluster-dev",
      "type": "string"
    },
    "ecs_service_name": {
      "value": "sbh-service-dev",
      "type": "string"
    },
    "rds_endpoint": {
      "value": "sbh-db-dev.cbksw4k0sknh.us-west-2.rds.amazonaws.com:5432",
      "type": "string"
    },
    "s3_bucket_name": {
      "value": "sbh-workspace-dev-b8aedb34",
      "type": "string"
    },
    "vpc_id": {
      "value": "vpc-07e91ce7d5f546fb2",
      "type": "string"
    }
  },
  "resources": [
    {
      "mode": "data",
      "type": "aws_availability_zones",
      "name": "available",
      "provider": "provider[\"registry.terraform.io/hashicorp/aws\"]",
      "instances": [
        {
          "schema_version": 0,
          "attributes": {
            "all_availability_zones": null,
            "exclude_names": null,
            "exclude_zone_ids": null,
            "filter": null,
            "group_names": [
              "us-west-2-zg-1"
            ],
            "id": "us-west-2",
            "names": [
              "us-west-2a",
              "us-west-2b",
              "us-west-2c",
              "us-west-2d"
            ],
            "state": "available",
            "timeouts": null,
            "zone_ids": [
              "usw2-az2",
              "usw2-az1",
              "usw2-az3",
              "usw2-az4"
            ]
          },
          "sensitive_attributes": [],
          "identity_schema_version": 0
        }
      ]
    },
    {
      "mode": "data",
      "type": "aws_caller_identity",
      "name": "current",
      "provider": "provider[\"registry.terraform.io/hashicorp/aws\"]",
      "instances": [
        {
          "schema_version": 0,
          "attributes": {
            "account_id": "776567512687",
            "arn": "arn:aws:iam::776567512687:user/ai-website-builder-admin",
            "id": "776567512687",
            "user_id": "AIDA3JTYH3ZXT3XJXK7P3"
          },
          "sensitive_attributes": [],
          "identity_schema_version": 0
        }
      ]
    },
    {
      "mode": "managed",
      "type": "aws_acm_certificate",
      "name": "sbh_cert",
      "provider": "provider[\"registry.terraform.io/hashicorp/aws\"]",
      "instances": [
        {
          "schema_version": 0,
          "attributes": {
            "arn": "arn:aws:acm:us-west-2:776567512687:certificate/acc64701-a0f1-48b5-a6c1-952a1d74b21a",
            "certificate_authority_arn": "",
            "certificate_body": null,
            "certificate_chain": null,
            "domain_name": "sbh.umbervale.com",
            "domain_validation_options": [
              {
                "domain_name": "*.sbh.umbervale.com",
                "resource_record_name": "_72ebd330dc55a79a0a296f65f09f7f12.sbh.umbervale.com.",
                "resource_record_type": "CNAME",
                "resource_record_value": "_36746b0ec8f6cc96e0da33b4e749303d.xlfgrmvvlj.acm-validations.aws."
              },
              {
                "domain_name": "sbh.umbervale.com",
                "resource_record_name": "_72ebd330dc55a79a0a296f65f09f7f12.sbh.umbervale.com.",
                "resource_record_type": "CNAME",
                "resource_record_value": "_36746b0ec8f6cc96e0da33b4e749303d.xlfgrmvvlj.acm-validations.aws."
              }
            ],
            "early_renewal_duration": "",
            "id": "arn:aws:acm:us-west-2:776567512687:certificate/acc64701-a0f1-48b5-a6c1-952a1d74b21a",
            "key_algorithm": "RSA_2048",
            "not_after": "",
            "not_before": "",
            "options": [
              {
                "certificate_transparency_logging_preference": "ENABLED"
              }
            ],
            "pending_renewal": false,
            "private_key": null,
            "renewal_eligibility": "INELIGIBLE",
            "renewal_summary": [],
            "status": "PENDING_VALIDATION",
            "subject_alternative_names": [
              "*.sbh.umbervale.com",
              "sbh.umbervale.com"
            ],
            "tags": {
              "Environment": "dev",
              "Name": "sbh-cert-dev",
              "Project": "sbh"
            },
            "tags_all": {
              "Environment": "dev",
              "Name": "sbh-cert-dev",
              "Project": "sbh"
            },
            "type": "AMAZON_ISSUED",
            "validation_emails": [],
            "validation_method": "DNS",
            "validation_option": []
          },
          "sensitive_attributes": [
            [
              {
                "type": "get_attr",
                "value": "private_key"
              }
            ]
          ],
          "identity_schema_version": 0,
          "private": "bnVsbA==",
          "create_before_destroy": true
        }
      ]
    },
    {
      "mode": "managed",
      "type": "aws_cloudwatch_log_group",
      "name": "sbh_logs",
      "provider": "provider[\"registry.terraform.io/hashicorp/aws\"]",
      "instances": [
        {
          "schema_version": 0,
          "attributes": {
            "arn": "arn:aws:logs:us-west-2:776567512687:log-group:/ecs/sbh-dev",
            "id": "/ecs/sbh-dev",
            "kms_key_id": "",
            "log_group_class": "STANDARD",
            "name": "/ecs/sbh-dev",
            "name_prefix": "",
            "retention_in_days": 14,
            "skip_destroy": false,
            "tags": {
              "Environment": "dev",
              "Name": "sbh-logs-dev",
              "Project": "sbh"
            },
            "tags_all": {
              "Environment": "dev",
              "Name": "sbh-logs-dev",
              "Project": "sbh"
            }
          },
          "sensitive_attributes": [],
          "identity_schema_version": 0,
          "private": "bnVsbA=="
        }
      ]
    },
    {
      "mode": "managed",
      "type": "aws_cloudwatch_metric_alarm",
      "name": "sbh_high_cpu",
      "provider": "provider[\"registry.terraform.io/hashicorp/aws\"]",
      "instances": [
        {
          "schema_version": 1,
          "attributes": {
            "actions_enabled": true,
            "alarm_actions": [],
            "alarm_description": "This metric monitors ECS CPU utilization",
            "alarm_name": "sbh-high-cpu-dev",
            "arn": "arn:aws:cloudwatch:us-west-2:776567512687:alarm:sbh-high-cpu-dev",
            "comparison_operator": "GreaterThanThreshold",
            "datapoints_to_alarm": 0,
            "dimensions": {
              "ClusterName": "sbh-cluster-dev",
              "ServiceName": "sbh-service-dev"
            },
            "evaluate_low_sample_count_percentiles": "",
            "evaluation_periods": 2,
            "extended_statistic": "",
            "id": "sbh-high-cpu-dev",
            "insufficient_data_actions": [],
            "metric_name": "CPUUtilization",
            "metric_query": [],
            "namespace": "AWS/ECS",
            "ok_actions": [],
            "period": 300,
            "statistic": "Average",
            "tags": {
              "Environment": "dev",
              "Name": "sbh-high-cpu-alarm-dev",
              "Project": "sbh"
            },
            "tags_all": {
              "Environment": "dev",
              "Name": "sbh-high-cpu-alarm-dev",
              "Project": "sbh"
            },
            "threshold": 80,
            "threshold_metric_id": "",
            "treat_missing_data": "missing",
            "unit": ""
          },
          "sensitive_attributes": [],
          "identity_schema_version": 0,
          "private": "eyJzY2hlbWFfdmVyc2lvbiI6IjEifQ==",
          "dependencies": [
            "aws_cloudwatch_log_group.sbh_logs",
            "aws_db_instance.sbh_db",
            "aws_db_subnet_group.sbh_db_subnet_group",
            "aws_ecs_cluster.sbh_cluster",
            "aws_ecs_service.sbh_service",
            "aws_ecs_task_definition.sbh_task",
            "aws_iam_policy.cloudwatch_logs_policy",
            "aws_iam_role.ecs_execution_role",
            "aws_iam_role.ecs_task_role",
            "aws_iam_role_policy_attachment.ecs_task_cloudwatch_policy",
            "aws_lb.sbh_alb",
            "aws_lb_listener.sbh_listener",
            "aws_lb_target_group.sbh_tg",
            "aws_s3_bucket.sbh_workspace",
            "aws_security_group.sbh_alb_sg",
            "aws_security_group.sbh_ecs_sg",
            "aws_security_group.sbh_rds_sg",
            "aws_service_discovery_private_dns_namespace.sbh_namespace",
            "aws_service_discovery_service.sbh_service",
            "aws_subnet.sbh_private_subnets",
            "aws_subnet.sbh_public_subnets",
            "aws_vpc.sbh_vpc",
            "data.aws_availability_zones.available",
            "data.aws_caller_identity.current",
            "random_id.bucket_suffix"
          ]
        }
      ]
    },
    {
      "mode": "managed",
      "type": "aws_cloudwatch_metric_alarm",
      "name": "sbh_high_memory",
      "provider": "provider[\"registry.terraform.io/hashicorp/aws\"]",
      "instances": [
        {
          "schema_version": 1,
          "attributes": {
            "actions_enabled": true,
            "alarm_actions": [],
            "alarm_description": "This metric monitors ECS memory utilization",
            "alarm_name": "sbh-high-memory-dev",
            "arn": "arn:aws:cloudwatch:us-west-2:776567512687:alarm:sbh-high-memory-dev",
            "comparison_operator": "GreaterThanThreshold",
            "datapoints_to_alarm": 0,
            "dimensions": {
              "ClusterName": "sbh-cluster-dev",
              "ServiceName": "sbh-service-dev"
            },
            "evaluate_low_sample_count_percentiles": "",
            "evaluation_periods": 2,
            "extended_statistic": "",
            "id": "sbh-high-memory-dev",
            "insufficient_data_actions": [],
            "metric_name": "MemoryUtilization",
            "metric_query": [],
            "namespace": "AWS/ECS",
            "ok_actions": [],
            "period": 300,
            "statistic": "Average",
            "tags": {
              "Environment": "dev",
              "Name": "sbh-high-memory-alarm-dev",
              "Project": "sbh"
            },
            "tags_all": {
              "Environment": "dev",
              "Name": "sbh-high-memory-alarm-dev",
              "Project": "sbh"
            },
            "threshold": 85,
            "threshold_metric_id": "",
            "treat_missing_data": "missing",
            "unit": ""
          },
          "sensitive_attributes": [],
          "identity_schema_version": 0,
          "private": "eyJzY2hlbWFfdmVyc2lvbiI6IjEifQ==",
          "dependencies": [
            "aws_cloudwatch_log_group.sbh_logs",
            "aws_db_instance.sbh_db",
            "aws_db_subnet_group.sbh_db_subnet_group",
            "aws_ecs_cluster.sbh_cluster",
            "aws_ecs_service.sbh_service",
            "aws_ecs_task_definition.sbh_task",
            "aws_iam_policy.cloudwatch_logs_policy",
            "aws_iam_role.ecs_execution_role",
            "aws_iam_role.ecs_task_role",
            "aws_iam_role_policy_attachment.ecs_task_cloudwatch_policy",
            "aws_lb.sbh_alb",
            "aws_lb_listener.sbh_listener",
            "aws_lb_target_group.sbh_tg",
            "aws_s3_bucket.sbh_workspace",
            "aws_security_group.sbh_alb_sg",
            "aws_security_group.sbh_ecs_sg",
            "aws_security_group.sbh_rds_sg",
            "aws_service_discovery_private_dns_namespace.sbh_namespace",
            "aws_service_discovery_service.sbh_service",
            "aws_subnet.sbh_private_subnets",
            "aws_subnet.sbh_public_subnets",
            "aws_vpc.sbh_vpc",
            "data.aws_availability_zones.available",
            "data.aws_caller_identity.current",
            "random_id.bucket_suffix"
          ]
        }
      ]
    },
    {
      "mode": "managed",
      "type": "aws_cloudwatch_metric_alarm",
      "name": "sbh_task_count",
      "provider": "provider[\"registry.terraform.io/hashicorp/aws\"]",
      "instances": [
        {
          "schema_version": 1,
          "attributes": {
            "actions_enabled": true,
            "alarm_actions": [],
            "alarm_description": "This metric monitors ECS running task count",
            "alarm_name": "sbh-task-count-dev",
            "arn": "arn:aws:cloudwatch:us-west-2:776567512687:alarm:sbh-task-count-dev",
            "comparison_operator": "LessThanThreshold",
            "datapoints_to_alarm": 0,
            "dimensions": {
              "ClusterName": "sbh-cluster-dev",
              "ServiceName": "sbh-service-dev"
            },
            "evaluate_low_sample_count_percentiles": "",
            "evaluation_periods": 2,
            "extended_statistic": "",
            "id": "sbh-task-count-dev",
            "insufficient_data_actions": [],
            "metric_name": "RunningTaskCount",
            "metric_query": [],
            "namespace": "AWS/ECS",
            "ok_actions": [],
            "period": 300,
            "statistic": "Average",
            "tags": {
              "Environment": "dev",
              "Name": "sbh-task-count-alarm-dev",
              "Project": "sbh"
            },
            "tags_all": {
              "Environment": "dev",
              "Name": "sbh-task-count-alarm-dev",
              "Project": "sbh"
            },
            "threshold": 1,
            "threshold_metric_id": "",
            "treat_missing_data": "missing",
            "unit": ""
          },
          "sensitive_attributes": [],
          "identity_schema_version": 0,
          "private": "eyJzY2hlbWFfdmVyc2lvbiI6IjEifQ==",
          "dependencies": [
            "aws_cloudwatch_log_group.sbh_logs",
            "aws_db_instance.sbh_db",
            "aws_db_subnet_group.sbh_db_subnet_group",
            "aws_ecs_cluster.sbh_cluster",
            "aws_ecs_service.sbh_service",
            "aws_ecs_task_definition.sbh_task",
            "aws_iam_policy.cloudwatch_logs_policy",
            "aws_iam_role.ecs_execution_role",
            "aws_iam_role.ecs_task_role",
            "aws_iam_role_policy_attachment.ecs_task_cloudwatch_policy",
            "aws_lb.sbh_alb",
            "aws_lb_listener.sbh_listener",
            "aws_lb_target_group.sbh_tg",
            "aws_s3_bucket.sbh_workspace",
            "aws_security_group.sbh_alb_sg",
            "aws_security_group.sbh_ecs_sg",
            "aws_security_group.sbh_rds_sg",
            "aws_service_discovery_private_dns_namespace.sbh_namespace",
            "aws_service_discovery_service.sbh_service",
            "aws_subnet.sbh_private_subnets",
            "aws_subnet.sbh_public_subnets",
            "aws_vpc.sbh_vpc",
            "data.aws_availability_zones.available",
            "data.aws_caller_identity.current",
            "random_id.bucket_suffix"
          ]
        }
      ]
    },
    {
      "mode": "managed",
      "type": "aws_db_instance",
      "name": "sbh_db",
      "provider": "provider[\"registry.terraform.io/hashicorp/aws\"]",
      "instances": [
        {
          "schema_version": 2,
          "attributes": {
            "address": "sbh-db-dev.cbksw4k0sknh.us-west-2.rds.amazonaws.com",
            "allocated_storage": 20,
            "allow_major_version_upgrade": null,
            "apply_immediately": false,
            "arn": "arn:aws:rds:us-west-2:776567512687:db:sbh-db-dev",
            "auto_minor_version_upgrade": true,
            "availability_zone": "us-west-2b",
            "backup_retention_period": 7,
            "backup_target": "region",
            "backup_window": "03:00-04:00",
            "blue_green_update": [],
            "ca_cert_identifier": "rds-ca-rsa2048-g1",
            "character_set_name": "",
            "copy_tags_to_snapshot": false,
            "custom_iam_instance_profile": "",
            "customer_owned_ip_enabled": false,
            "database_insights_mode": "standard",
            "db_name": "sbh_db",
            "db_subnet_group_name": "sbh-db-subnet-group-dev",
            "dedicated_log_volume": false,
            "delete_automated_backups": true,
            "deletion_protection": false,
            "domain": "",
            "domain_auth_secret_arn": "",
            "domain_dns_ips": [],
            "domain_fqdn": "",
            "domain_iam_role_name": "",
            "domain_ou": "",
            "enabled_cloudwatch_logs_exports": [],
            "endpoint": "sbh-db-dev.cbksw4k0sknh.us-west-2.rds.amazonaws.com:5432",
            "engine": "postgres",
            "engine_lifecycle_support": "open-source-rds-extended-support",
            "engine_version": "15.12",
            "engine_version_actual": "15.12",
            "final_snapshot_identifier": null,
            "hosted_zone_id": "Z1PVIF0B656C1W",
            "iam_database_authentication_enabled": false,
            "id": "db-IMYRI7ZEWDJ2SI52V5XLVSDCDY",
            "identifier": "sbh-db-dev",
            "identifier_prefix": "",
            "instance_class": "db.t3.micro",
            "iops": 0,
            "kms_key_id": "arn:aws:kms:us-west-2:776567512687:key/9e48434a-5594-474c-a198-706e7fd065ac",
            "latest_restorable_time": "2025-09-15T00:59:30Z",
            "license_model": "postgresql-license",
            "listener_endpoint": [],
            "maintenance_window": "sun:04:00-sun:05:00",
            "manage_master_user_password": null,
            "master_user_secret": [],
            "master_user_secret_kms_key_id": null,
            "max_allocated_storage": 100,
            "monitoring_interval": 0,
            "monitoring_role_arn": "",
            "multi_az": false,
            "nchar_character_set_name": "",
            "network_type": "IPV4",
            "option_group_name": "default:postgres-15",
            "parameter_group_name": "default.postgres15",
            "password": "BrokenWood2025!",
            "password_wo": null,
            "password_wo_version": null,
            "performance_insights_enabled": false,
            "performance_insights_kms_key_id": "",
            "performance_insights_retention_period": 0,
            "port": 5432,
            "publicly_accessible": false,
            "replica_mode": "",
            "replicas": [],
            "replicate_source_db": "",
            "resource_id": "db-IMYRI7ZEWDJ2SI52V5XLVSDCDY",
            "restore_to_point_in_time": [],
            "s3_import": [],
            "skip_final_snapshot": true,
            "snapshot_identifier": null,
            "status": "available",
            "storage_encrypted": true,
            "storage_throughput": 0,
            "storage_type": "gp2",
            "tags": {
              "Environment": "dev",
              "Name": "sbh-db-dev",
              "Project": "sbh"
            },
            "tags_all": {
              "Environment": "dev",
              "Name": "sbh-db-dev",
              "Project": "sbh"
            },
            "timeouts": null,
            "timezone": "",
            "upgrade_storage_config": null,
            "username": "sbhadmin",
            "vpc_security_group_ids": [
              "sg-044e7d50245ba376d"
            ]
          },
          "sensitive_attributes": [
            [
              {
                "type": "get_attr",
                "value": "password"
              }
            ],
            [
              {
                "type": "get_attr",
                "value": "password_wo"
              }
            ]
          ],
          "identity_schema_version": 0,
          "private": "eyJlMmJmYjczMC1lY2FhLTExZTYtOGY4OC0zNDM2M2JjN2M0YzAiOnsiY3JlYXRlIjozMDAwMDAwMDAwMDAwLCJkZWxldGUiOjM2MDAwMDAwMDAwMDAsInVwZGF0ZSI6NDgwMDAwMDAwMDAwMH0sInNjaGVtYV92ZXJzaW9uIjoiMiJ9",
          "dependencies": [
            "aws_db_subnet_group.sbh_db_subnet_group",
            "aws_security_group.sbh_alb_sg",
            "aws_security_group.sbh_ecs_sg",
            "aws_security_group.sbh_rds_sg",
            "aws_subnet.sbh_private_subnets",
            "aws_vpc.sbh_vpc",
            "data.aws_availability_zones.available"
          ]
        }
      ]
    },
    {
      "mode": "managed",
      "type": "aws_db_subnet_group",
      "name": "sbh_db_subnet_group",
      "provider": "provider[\"registry.terraform.io/hashicorp/aws\"]",
      "instances": [
        {
          "schema_version": 0,
          "attributes": {
            "arn": "arn:aws:rds:us-west-2:776567512687:subgrp:sbh-db-subnet-group-dev",
            "description": "Managed by Terraform",
            "id": "sbh-db-subnet-group-dev",
            "name": "sbh-db-subnet-group-dev",
            "name_prefix": "",
            "subnet_ids": [
              "subnet-00383f1b7b5d0e741",
              "subnet-0ccd0929dd583657b"
            ],
            "supported_network_types": [
              "IPV4"
            ],
            "tags": {
              "Environment": "dev",
              "Name": "sbh-db-subnet-group-dev",
              "Project": "sbh"
            },
            "tags_all": {
              "Environment": "dev",
              "Name": "sbh-db-subnet-group-dev",
              "Project": "sbh"
            },
            "vpc_id": "vpc-07e91ce7d5f546fb2"
          },
          "sensitive_attributes": [],
          "identity_schema_version": 0,
          "private": "bnVsbA==",
          "dependencies": [
            "aws_subnet.sbh_private_subnets",
            "aws_vpc.sbh_vpc",
            "data.aws_availability_zones.available"
          ]
        }
      ]
    },
    {
      "mode": "managed",
      "type": "aws_ecr_lifecycle_policy",
      "name": "sbh_repo_policy",
      "provider": "provider[\"registry.terraform.io/hashicorp/aws\"]",
      "instances": [
        {
          "schema_version": 0,
          "attributes": {
            "id": "sbh-repo-dev",
            "policy": "{\"rules\":[{\"action\":{\"type\":\"expire\"},\"description\":\"Keep last 10 images\",\"rulePriority\":1,\"selection\":{\"countNumber\":10,\"countType\":\"imageCountMoreThan\",\"tagPrefixList\":[\"v\"],\"tagStatus\":\"tagged\"}},{\"action\":{\"type\":\"expire\"},\"description\":\"Delete untagged images older than 1 day\",\"rulePriority\":2,\"selection\":{\"countNumber\":1,\"countType\":\"sinceImagePushed\",\"countUnit\":\"days\",\"tagStatus\":\"untagged\"}}]}",
            "registry_id": "776567512687",
            "repository": "sbh-repo-dev"
          },
          "sensitive_attributes": [],
          "identity_schema_version": 0,
          "private": "bnVsbA==",
          "dependencies": [
            "aws_ecr_repository.sbh_repo"
          ]
        }
      ]
    },
    {
      "mode": "managed",
      "type": "aws_ecr_repository",
      "name": "sbh_repo",
      "provider": "provider[\"registry.terraform.io/hashicorp/aws\"]",
      "instances": [
        {
          "schema_version": 0,
          "attributes": {
            "arn": "arn:aws:ecr:us-west-2:776567512687:repository/sbh-repo-dev",
            "encryption_configuration": [
              {
                "encryption_type": "AES256",
                "kms_key": ""
              }
            ],
            "force_delete": null,
            "id": "sbh-repo-dev",
            "image_scanning_configuration": [
              {
                "scan_on_push": true
              }
            ],
            "image_tag_mutability": "MUTABLE",
            "name": "sbh-repo-dev",
            "registry_id": "776567512687",
            "repository_url": "776567512687.dkr.ecr.us-west-2.amazonaws.com/sbh-repo-dev",
            "tags": {
              "Environment": "dev",
              "Name": "sbh-ecr-repo-dev",
              "Project": "sbh"
            },
            "tags_all": {
              "Environment": "dev",
              "Name": "sbh-ecr-repo-dev",
              "Project": "sbh"
            },
            "timeouts": null
          },
          "sensitive_attributes": [],
          "identity_schema_version": 0,
          "private": "eyJlMmJmYjczMC1lY2FhLTExZTYtOGY4OC0zNDM2M2JjN2M0YzAiOnsiZGVsZXRlIjoxMjAwMDAwMDAwMDAwfX0="
        }
      ]
    },
    {
      "mode": "managed",
      "type": "aws_ecs_cluster",
      "name": "sbh_cluster",
      "provider": "provider[\"registry.terraform.io/hashicorp/aws\"]",
      "instances": [
        {
          "schema_version": 0,
          "attributes": {
            "arn": "arn:aws:ecs:us-west-2:776567512687:cluster/sbh-cluster-dev",
            "configuration": [],
            "id": "arn:aws:ecs:us-west-2:776567512687:cluster/sbh-cluster-dev",
            "name": "sbh-cluster-dev",
            "service_connect_defaults": [],
            "setting": [
              {
                "name": "containerInsights",
                "value": "enabled"
              }
            ],
            "tags": {
              "Environment": "dev",
              "Name": "sbh-cluster-dev",
              "Project": "sbh"
            },
            "tags_all": {
              "Environment": "dev",
              "Name": "sbh-cluster-dev",
              "Project": "sbh"
            }
          },
          "sensitive_attributes": [],
          "identity_schema_version": 0,
          "private": "bnVsbA=="
        }
      ]
    },
    {
      "mode": "managed",
      "type": "aws_ecs_service",
      "name": "sbh_service",
      "provider": "provider[\"registry.terraform.io/hashicorp/aws\"]",
      "instances": [
        {
          "schema_version": 1,
          "attributes": {
            "alarms": [],
            "availability_zone_rebalancing": "DISABLED",
            "capacity_provider_strategy": [],
            "cluster": "arn:aws:ecs:us-west-2:776567512687:cluster/sbh-cluster-dev",
            "deployment_circuit_breaker": [
              {
                "enable": false,
                "rollback": false
              }
            ],
            "deployment_controller": [
              {
                "type": "ECS"
              }
            ],
            "deployment_maximum_percent": 200,
            "deployment_minimum_healthy_percent": 100,
            "desired_count": 1,
            "enable_ecs_managed_tags": false,
            "enable_execute_command": false,
            "force_delete": null,
            "force_new_deployment": null,
            "health_check_grace_period_seconds": 0,
            "iam_role": "/aws-service-role/ecs.amazonaws.com/AWSServiceRoleForECS",
            "id": "arn:aws:ecs:us-west-2:776567512687:service/sbh-cluster-dev/sbh-service-dev",
            "launch_type": "FARGATE",
            "load_balancer": [
              {
                "container_name": "sbh-backend",
                "container_port": 8000,
                "elb_name": "",
                "target_group_arn": "arn:aws:elasticloadbalancing:us-west-2:776567512687:targetgroup/sbh-tg-dev/a6d64f53ae1ece6d"
              }
            ],
            "name": "sbh-service-dev",
            "network_configuration": [
              {
                "assign_public_ip": true,
                "security_groups": [
                  "sg-08f0e467d804ce61f"
                ],
                "subnets": [
                  "subnet-011cd0f0dcba5c788",
                  "subnet-06c196d241873f2af"
                ]
              }
            ],
            "ordered_placement_strategy": [],
            "placement_constraints": [],
            "platform_version": "LATEST",
            "propagate_tags": "NONE",
            "scheduling_strategy": "REPLICA",
            "service_connect_configuration": [],
            "service_registries": [
              {
                "container_name": "",
                "container_port": 0,
                "port": 0,
                "registry_arn": "arn:aws:servicediscovery:us-west-2:776567512687:service/srv-udczx5dg4e2hign2"
              }
            ],
            "tags": {
              "Environment": "dev",
              "Name": "sbh-service-dev",
              "Project": "sbh"
            },
            "tags_all": {
              "Environment": "dev",
              "Name": "sbh-service-dev",
              "Project": "sbh"
            },
            "task_definition": "arn:aws:ecs:us-west-2:776567512687:task-definition/sbh-task-dev:23",
            "timeouts": null,
            "triggers": {},
            "volume_configuration": [],
            "vpc_lattice_configurations": [],
            "wait_for_steady_state": false
          },
          "sensitive_attributes": [],
          "identity_schema_version": 0,
          "private": "eyJlMmJmYjczMC1lY2FhLTExZTYtOGY4OC0zNDM2M2JjN2M0YzAiOnsiY3JlYXRlIjoxMjAwMDAwMDAwMDAwLCJkZWxldGUiOjEyMDAwMDAwMDAwMDAsInVwZGF0ZSI6MTIwMDAwMDAwMDAwMH0sInNjaGVtYV92ZXJzaW9uIjoiMSJ9",
          "dependencies": [
            "aws_cloudwatch_log_group.sbh_logs",
            "aws_db_instance.sbh_db",
            "aws_db_subnet_group.sbh_db_subnet_group",
            "aws_ecs_cluster.sbh_cluster",
            "aws_ecs_task_definition.sbh_task",
            "aws_iam_policy.cloudwatch_logs_policy",
            "aws_iam_role.ecs_execution_role",
            "aws_iam_role.ecs_task_role",
            "aws_iam_role_policy_attachment.ecs_task_cloudwatch_policy",
            "aws_lb.sbh_alb",
            "aws_lb_listener.sbh_listener",
            "aws_lb_target_group.sbh_tg",
            "aws_s3_bucket.sbh_workspace",
            "aws_security_group.sbh_alb_sg",
            "aws_security_group.sbh_ecs_sg",
            "aws_security_group.sbh_rds_sg",
            "aws_service_discovery_private_dns_namespace.sbh_namespace",
            "aws_service_discovery_service.sbh_service",
            "aws_subnet.sbh_private_subnets",
            "aws_subnet.sbh_public_subnets",
            "aws_vpc.sbh_vpc",
            "data.aws_availability_zones.available",
            "data.aws_caller_identity.current",
            "random_id.bucket_suffix"
          ]
        }
      ]
    },
    {
      "mode": "managed",
      "type": "aws_ecs_task_definition",
      "name": "sbh_task",
      "provider": "provider[\"registry.terraform.io/hashicorp/aws\"]",
      "instances": [
        {
          "schema_version": 1,
          "attributes": {
            "arn": "arn:aws:ecs:us-west-2:776567512687:task-definition/sbh-task-dev:23",
            "arn_without_revision": "arn:aws:ecs:us-west-2:776567512687:task-definition/sbh-task-dev",
            "container_definitions": "[{\"command\":[\"gunicorn\",\"--bind\",\"0.0.0.0:8000\",\"--workers\",\"4\",\"--timeout\",\"120\",\"--keep-alive\",\"2\",\"--max-requests\",\"1000\",\"--max-requests-jitter\",\"100\",\"wsgi:app\"],\"environment\":[{\"name\":\"AWS_BUCKET_NAME\",\"value\":\"sbh-workspace-dev-b8aedb34\"},{\"name\":\"AWS_REGION\",\"value\":\"us-west-2\"},{\"name\":\"CORS_ORIGINS\",\"value\":\"https://sbh.umbervale.com,https://sbh-alb-dev-1355025660.us-west-2.elb.amazonaws.com\"},{\"name\":\"DATABASE_URL\",\"value\":\"postgresql://sbhadmin:BrokenWood2025!@sbh-db-dev.cbksw4k0sknh.us-west-2.rds.amazonaws.com:5432/sbh_db\"},{\"name\":\"ENV\",\"value\":\"production\"},{\"name\":\"FLASK_ENV\",\"value\":\"production\"},{\"name\":\"LLM_SECRET_KEY\",\"value\":\"XSUk+pEd/rDzttilHZobhcpW+LOgGifmCeTM1Ylou/k=\"},{\"name\":\"LOG_LEVEL\",\"value\":\"INFO\"},{\"name\":\"OPENAI_API_KEY\",\"value\":\"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\"},{\"name\":\"S3_BUCKET_NAME\",\"value\":\"sbh-workspace-dev-b8aedb34\"},{\"name\":\"S3_REGION\",\"value\":\"us-west-2\"},{\"name\":\"SECRET_KEY\",\"value\":\"N8U0ScucZ7e67JvLYZi1gflAr_4Jq8amhOiCwf5APcmstrS6hNYXSFSFXzqGaCZy\"},{\"name\":\"STORAGE_PROVIDER\",\"value\":\"s3\"}],\"essential\":true,\"healthCheck\":{\"command\":[\"CMD-SHELL\",\"curl -f http://localhost:8000/api/health || exit 1\"],\"interval\":30,\"retries\":3,\"startPeriod\":60,\"timeout\":5},\"image\":\"776567512687.dkr.ecr.us-west-2.amazonaws.com/sbh-repo-dev:202509122256-35e7bbb\",\"logConfiguration\":{\"logDriver\":\"awslogs\",\"options\":{\"awslogs-group\":\"/ecs/sbh-dev\",\"awslogs-region\":\"us-west-2\",\"awslogs-stream-prefix\":\"ecs\"}},\"mountPoints\":[],\"name\":\"sbh-backend\",\"portMappings\":[{\"containerPort\":8000,\"hostPort\":8000,\"protocol\":\"tcp\"}],\"systemControls\":[],\"volumesFrom\":[]}]",
            "cpu": "512",
            "enable_fault_injection": false,
            "ephemeral_storage": [],
            "execution_role_arn": "arn:aws:iam::776567512687:role/sbh-ecs-execution-role-dev",
            "family": "sbh-task-dev",
            "id": "sbh-task-dev",
            "inference_accelerator": [],
            "ipc_mode": "",
            "memory": "1024",
            "network_mode": "awsvpc",
            "pid_mode": "",
            "placement_constraints": [],
            "proxy_configuration": [],
            "requires_compatibilities": [
              "FARGATE"
            ],
            "revision": 23,
            "runtime_platform": [
              {
                "cpu_architecture": "ARM64",
                "operating_system_family": "LINUX"
              }
            ],
            "skip_destroy": false,
            "tags": {
              "Environment": "dev",
              "Name": "sbh-task-dev",
              "Project": "sbh"
            },
            "tags_all": {
              "Environment": "dev",
              "Name": "sbh-task-dev",
              "Project": "sbh"
            },
            "task_role_arn": "arn:aws:iam::776567512687:role/sbh-ecs-task-role-dev",
            "track_latest": false,
            "volume": []
          },
          "sensitive_attributes": [
            [
              {
                "type": "get_attr",
                "value": "container_definitions"
              }
            ]
          ],
          "identity_schema_version": 0,
          "private": "eyJzY2hlbWFfdmVyc2lvbiI6IjEifQ==",
          "dependencies": [
            "aws_cloudwatch_log_group.sbh_logs",
            "aws_db_instance.sbh_db",
            "aws_db_subnet_group.sbh_db_subnet_group",
            "aws_iam_role.ecs_execution_role",
            "aws_iam_role.ecs_task_role",
            "aws_lb.sbh_alb",
            "aws_s3_bucket.sbh_workspace",
            "aws_security_group.sbh_alb_sg",
            "aws_security_group.sbh_ecs_sg",
            "aws_security_group.sbh_rds_sg",
            "aws_subnet.sbh_private_subnets",
            "aws_subnet.sbh_public_subnets",
            "aws_vpc.sbh_vpc",
            "data.aws_availability_zones.available",
            "data.aws_caller_identity.current",
            "random_id.bucket_suffix"
          ]
        }
      ]
    },
    {
      "mode": "managed",
      "type": "aws_iam_policy",
      "name": "cloudwatch_logs_policy",
      "provider": "provider[\"registry.terraform.io/hashicorp/aws\"]",
      "instances": [
        {
          "schema_version": 0,
          "attributes": {
            "arn": "arn:aws:iam::776567512687:policy/sbh-cloudwatch-logs-policy-dev",
            "attachment_count": 1,
            "description": "Policy for SBH to write to CloudWatch logs",
            "id": "arn:aws:iam::776567512687:policy/sbh-cloudwatch-logs-policy-dev",
            "name": "sbh-cloudwatch-logs-policy-dev",
            "name_prefix": "",
            "path": "/",
            "policy": "{\"Statement\":[{\"Action\":[\"logs:CreateLogGroup\",\"logs:CreateLogStream\",\"logs:PutLogEvents\",\"logs:DescribeLogStreams\"],\"Effect\":\"Allow\",\"Resource\":[\"arn:aws:logs:us-west-2:776567512687:log-group:/ecs/sbh-dev\",\"arn:aws:logs:us-west-2:776567512687:log-group:/ecs/sbh-dev:*\"]}],\"Version\":\"2012-10-17\"}",
            "policy_id": "ANPA3JTYH3ZX2PLXD2CU4",
            "tags": {
              "Environment": "dev",
              "Name": "sbh-cloudwatch-logs-policy-dev",
              "Project": "sbh"
            },
            "tags_all": {
              "Environment": "dev",
              "Name": "sbh-cloudwatch-logs-policy-dev",
              "Project": "sbh"
            }
          },
          "sensitive_attributes": [],
          "identity_schema_version": 0,
          "private": "bnVsbA==",
          "dependencies": [
            "aws_cloudwatch_log_group.sbh_logs"
          ]
        }
      ]
    },
    {
      "mode": "managed",
      "type": "aws_iam_policy",
      "name": "ecr_access_policy",
      "provider": "provider[\"registry.terraform.io/hashicorp/aws\"]",
      "instances": [
        {
          "schema_version": 0,
          "attributes": {
            "arn": "arn:aws:iam::776567512687:policy/sbh-ecr-access-policy-dev",
            "attachment_count": 1,
            "description": "Policy for ECS to pull images from ECR",
            "id": "arn:aws:iam::776567512687:policy/sbh-ecr-access-policy-dev",
            "name": "sbh-ecr-access-policy-dev",
            "name_prefix": "",
            "path": "/",
            "policy": "{\"Statement\":[{\"Action\":[\"ecr:GetAuthorizationToken\",\"ecr:BatchCheckLayerAvailability\",\"ecr:GetDownloadUrlForLayer\",\"ecr:BatchGetImage\"],\"Effect\":\"Allow\",\"Resource\":\"*\"}],\"Version\":\"2012-10-17\"}",
            "policy_id": "ANPA3JTYH3ZX3WCOOOJDZ",
            "tags": {
              "Environment": "dev",
              "Name": "sbh-ecr-access-policy-dev",
              "Project": "sbh"
            },
            "tags_all": {
              "Environment": "dev",
              "Name": "sbh-ecr-access-policy-dev",
              "Project": "sbh"
            }
          },
          "sensitive_attributes": [],
          "identity_schema_version": 0,
          "private": "bnVsbA=="
        }
      ]
    },
    {
      "mode": "managed",
      "type": "aws_iam_policy",
      "name": "s3_workspace_policy",
      "provider": "provider[\"registry.terraform.io/hashicorp/aws\"]",
      "instances": [
        {
          "schema_version": 0,
          "attributes": {
            "arn": "arn:aws:iam::776567512687:policy/sbh-s3-workspace-policy-dev",
            "attachment_count": 1,
            "description": "Policy for SBH to access workspace S3 bucket",
            "id": "arn:aws:iam::776567512687:policy/sbh-s3-workspace-policy-dev",
            "name": "sbh-s3-workspace-policy-dev",
            "name_prefix": "",
            "path": "/",
            "policy": "{\"Statement\":[{\"Action\":[\"s3:GetObject\",\"s3:PutObject\",\"s3:DeleteObject\",\"s3:ListBucket\"],\"Effect\":\"Allow\",\"Resource\":[\"arn:aws:s3:::sbh-workspace-dev-b8aedb34\",\"arn:aws:s3:::sbh-workspace-dev-b8aedb34/*\"]}],\"Version\":\"2012-10-17\"}",
            "policy_id": "ANPA3JTYH3ZX4C7FYK23Y",
            "tags": {
              "Environment": "dev",
              "Name": "sbh-s3-workspace-policy-dev",
              "Project": "sbh"
            },
            "tags_all": {
              "Environment": "dev",
              "Name": "sbh-s3-workspace-policy-dev",
              "Project": "sbh"
            }
          },
          "sensitive_attributes": [],
          "identity_schema_version": 0,
          "private": "bnVsbA==",
          "dependencies": [
            "aws_s3_bucket.sbh_workspace",
            "random_id.bucket_suffix"
          ]
        }
      ]
    },
    {
      "mode": "managed",
      "type": "aws_iam_role",
      "name": "ecs_execution_role",
      "provider": "provider[\"registry.terraform.io/hashicorp/aws\"]",
      "instances": [
        {
          "schema_version": 0,
          "attributes": {
            "arn": "arn:aws:iam::776567512687:role/sbh-ecs-execution-role-dev",
            "assume_role_policy": "{\"Statement\":[{\"Action\":\"sts:AssumeRole\",\"Effect\":\"Allow\",\"Principal\":{\"Service\":\"ecs-tasks.amazonaws.com\"}}],\"Version\":\"2012-10-17\"}",
            "create_date": "2025-09-13T04:13:05Z",
            "description": "",
            "force_detach_policies": false,
            "id": "sbh-ecs-execution-role-dev",
            "inline_policy": [],
            "managed_policy_arns": [
              "arn:aws:iam::776567512687:policy/sbh-ecr-access-policy-dev",
              "arn:aws:iam::aws:policy/service-role/AmazonECSTaskExecutionRolePolicy"
            ],
            "max_session_duration": 3600,
            "name": "sbh-ecs-execution-role-dev",
            "name_prefix": "",
            "path": "/",
            "permissions_boundary": "",
            "tags": {
              "Environment": "dev",
              "Name": "sbh-ecs-execution-role-dev",
              "Project": "sbh"
            },
            "tags_all": {
              "Environment": "dev",
              "Name": "sbh-ecs-execution-role-dev",
              "Project": "sbh"
            },
            "unique_id": "AROA3JTYH3ZXYLMOQH7ZL"
          },
          "sensitive_attributes": [],
          "identity_schema_version": 0,
          "private": "bnVsbA=="
        }
      ]
    },
    {
      "mode": "managed",
      "type": "aws_iam_role",
      "name": "ecs_task_role",
      "provider": "provider[\"registry.terraform.io/hashicorp/aws\"]",
      "instances": [
        {
          "schema_version": 0,
          "attributes": {
            "arn": "arn:aws:iam::776567512687:role/sbh-ecs-task-role-dev",
            "assume_role_policy": "{\"Statement\":[{\"Action\":\"sts:AssumeRole\",\"Effect\":\"Allow\",\"Principal\":{\"Service\":\"ecs-tasks.amazonaws.com\"}}],\"Version\":\"2012-10-17\"}",
            "create_date": "2025-09-13T04:13:05Z",
            "description": "",
            "force_detach_policies": false,
            "id": "sbh-ecs-task-role-dev",
            "inline_policy": [],
            "managed_policy_arns": [
              "arn:aws:iam::776567512687:policy/sbh-cloudwatch-logs-policy-dev",
              "arn:aws:iam::776567512687:policy/sbh-s3-workspace-policy-dev"
            ],
            "max_session_duration": 3600,
            "name": "sbh-ecs-task-role-dev",
            "name_prefix": "",
            "path": "/",
            "permissions_boundary": "",
            "tags": {
              "Environment": "dev",
              "Name": "sbh-ecs-task-role-dev",
              "Project": "sbh"
            },
            "tags_all": {
              "Environment": "dev",
              "Name": "sbh-ecs-task-role-dev",
              "Project": "sbh"
            },
            "unique_id": "AROA3JTYH3ZXXGJGWBTXC"
          },
          "sensitive_attributes": [],
          "identity_schema_version": 0,
          "private": "bnVsbA=="
        }
      ]
    },
    {
      "mode": "managed",
      "type": "aws_iam_role_policy_attachment",
      "name": "ecs_execution_ecr_policy",
      "provider": "provider[\"registry.terraform.io/hashicorp/aws\"]",
      "instances": [
        {
          "schema_version": 0,
          "attributes": {
            "id": "sbh-ecs-execution-role-dev-20250913041306178600000002",
            "policy_arn": "arn:aws:iam::776567512687:policy/sbh-ecr-access-policy-dev",
            "role": "sbh-ecs-execution-role-dev"
          },
          "sensitive_attributes": [],
          "identity_schema_version": 0,
          "private": "bnVsbA==",
          "dependencies": [
            "aws_iam_policy.ecr_access_policy",
            "aws_iam_role.ecs_execution_role"
          ]
        }
      ]
    },
    {
      "mode": "managed",
      "type": "aws_iam_role_policy_attachment",
      "name": "ecs_execution_role_policy",
      "provider": "provider[\"registry.terraform.io/hashicorp/aws\"]",
      "instances": [
        {
          "schema_version": 0,
          "attributes": {
            "id": "sbh-ecs-execution-role-dev-20250913041306213700000003",
            "policy_arn": "arn:aws:iam::aws:policy/service-role/AmazonECSTaskExecutionRolePolicy",
            "role": "sbh-ecs-execution-role-dev"
          },
          "sensitive_attributes": [],
          "identity_schema_version": 0,
          "private": "bnVsbA==",
          "dependencies": [
            "aws_iam_role.ecs_execution_role"
          ]
        }
      ]
    },
    {
      "mode": "managed",
      "type": "aws_iam_role_policy_attachment",
      "name": "ecs_task_cloudwatch_policy",
      "provider": "provider[\"registry.terraform.io/hashicorp/aws\"]",
      "instances": [
        {
          "schema_version": 0,
          "attributes": {
            "id": "sbh-ecs-task-role-dev-20250913041306254500000004",
            "policy_arn": "arn:aws:iam::776567512687:policy/sbh-cloudwatch-logs-policy-dev",
            "role": "sbh-ecs-task-role-dev"
          },
          "sensitive_attributes": [],
          "identity_schema_version": 0,
          "private": "bnVsbA==",
          "dependencies": [
            "aws_cloudwatch_log_group.sbh_logs",
            "aws_iam_policy.cloudwatch_logs_policy",
            "aws_iam_role.ecs_task_role"
          ]
        }
      ]
    },
    {
      "mode": "managed",
      "type": "aws_iam_role_policy_attachment",
      "name": "ecs_task_s3_policy",
      "provider": "provider[\"registry.terraform.io/hashicorp/aws\"]",
      "instances": [
        {
          "schema_version": 0,
          "attributes": {
            "id": "sbh-ecs-task-role-dev-20250913041308050400000005",
            "policy_arn": "arn:aws:iam::776567512687:policy/sbh-s3-workspace-policy-dev",
            "role": "sbh-ecs-task-role-dev"
          },
          "sensitive_attributes": [],
          "identity_schema_version": 0,
          "private": "bnVsbA==",
          "dependencies": [
            "aws_iam_policy.s3_workspace_policy",
            "aws_iam_role.ecs_task_role",
            "aws_s3_bucket.sbh_workspace",
            "random_id.bucket_suffix"
          ]
        }
      ]
    },
    {
      "mode": "managed",
      "type": "aws_internet_gateway",
      "name": "sbh_igw",
      "provider": "provider[\"registry.terraform.io/hashicorp/aws\"]",
      "instances": [
        {
          "schema_version": 0,
          "attributes": {
            "arn": "arn:aws:ec2:us-west-2:776567512687:internet-gateway/igw-0022f54c843d499d3",
            "id": "igw-0022f54c843d499d3",
            "owner_id": "776567512687",
            "tags": {
              "Environment": "dev",
              "Name": "sbh-igw-dev",
              "Project": "sbh"
            },
            "tags_all": {
              "Environment": "dev",
              "Name": "sbh-igw-dev",
              "Project": "sbh"
            },
            "timeouts": null,
            "vpc_id": "vpc-07e91ce7d5f546fb2"
          },
          "sensitive_attributes": [],
          "identity_schema_version": 0,
          "private": "eyJlMmJmYjczMC1lY2FhLTExZTYtOGY4OC0zNDM2M2JjN2M0YzAiOnsiY3JlYXRlIjoxMjAwMDAwMDAwMDAwLCJkZWxldGUiOjEyMDAwMDAwMDAwMDAsInVwZGF0ZSI6MTIwMDAwMDAwMDAwMH19",
          "dependencies": [
            "aws_vpc.sbh_vpc"
          ]
        }
      ]
    },
    {
      "mode": "managed",
      "type": "aws_lb",
      "name": "sbh_alb",
      "provider": "provider[\"registry.terraform.io/hashicorp/aws\"]",
      "instances": [
        {
          "schema_version": 0,
          "attributes": {
            "access_logs": [
              {
                "bucket": "",
                "enabled": false,
                "prefix": ""
              }
            ],
            "arn": "arn:aws:elasticloadbalancing:us-west-2:776567512687:loadbalancer/app/sbh-alb-dev/0a520148bdfdbd7c",
            "arn_suffix": "app/sbh-alb-dev/0a520148bdfdbd7c",
            "client_keep_alive": 3600,
            "connection_logs": [
              {
                "bucket": "",
                "enabled": false,
                "prefix": ""
              }
            ],
            "customer_owned_ipv4_pool": "",
            "desync_mitigation_mode": "defensive",
            "dns_name": "sbh-alb-dev-1355025660.us-west-2.elb.amazonaws.com",
            "dns_record_client_routing_policy": null,
            "drop_invalid_header_fields": false,
            "enable_cross_zone_load_balancing": true,
            "enable_deletion_protection": false,
            "enable_http2": true,
            "enable_tls_version_and_cipher_suite_headers": false,
            "enable_waf_fail_open": false,
            "enable_xff_client_port": false,
            "enable_zonal_shift": false,
            "enforce_security_group_inbound_rules_on_private_link_traffic": "",
            "id": "arn:aws:elasticloadbalancing:us-west-2:776567512687:loadbalancer/app/sbh-alb-dev/0a520148bdfdbd7c",
            "idle_timeout": 60,
            "internal": false,
            "ip_address_type": "ipv4",
            "ipam_pools": [],
            "load_balancer_type": "application",
            "minimum_load_balancer_capacity": [],
            "name": "sbh-alb-dev",
            "name_prefix": "",
            "preserve_host_header": false,
            "security_groups": [
              "sg-04489e09a5bf64040"
            ],
            "subnet_mapping": [
              {
                "allocation_id": "",
                "ipv6_address": "",
                "outpost_id": "",
                "private_ipv4_address": "",
                "subnet_id": "subnet-011cd0f0dcba5c788"
              },
              {
                "allocation_id": "",
                "ipv6_address": "",
                "outpost_id": "",
                "private_ipv4_address": "",
                "subnet_id": "subnet-06c196d241873f2af"
              }
            ],
            "subnets": [
              "subnet-011cd0f0dcba5c788",
              "subnet-06c196d241873f2af"
            ],
            "tags": {
              "Environment": "dev",
              "Name": "sbh-alb-dev",
              "Project": "sbh"
            },
            "tags_all": {
              "Environment": "dev",
              "Name": "sbh-alb-dev",
              "Project": "sbh"
            },
            "timeouts": null,
            "vpc_id": "vpc-07e91ce7d5f546fb2",
            "xff_header_processing_mode": "append",
            "zone_id": "Z1H1FL5HABSF5"
          },
          "sensitive_attributes": [],
          "identity_schema_version": 0,
          "private": "eyJlMmJmYjczMC1lY2FhLTExZTYtOGY4OC0zNDM2M2JjN2M0YzAiOnsiY3JlYXRlIjo2MDAwMDAwMDAwMDAsImRlbGV0ZSI6NjAwMDAwMDAwMDAwLCJ1cGRhdGUiOjYwMDAwMDAwMDAwMH19",
          "dependencies": [
            "aws_security_group.sbh_alb_sg",
            "aws_subnet.sbh_public_subnets",
            "aws_vpc.sbh_vpc",
            "data.aws_availability_zones.available"
          ]
        }
      ]
    },
    {
      "mode": "managed",
      "type": "aws_lb_listener",
      "name": "sbh_listener",
      "provider": "provider[\"registry.terraform.io/hashicorp/aws\"]",
      "instances": [
        {
          "schema_version": 0,
          "attributes": {
            "alpn_policy": null,
            "arn": "arn:aws:elasticloadbalancing:us-west-2:776567512687:listener/app/sbh-alb-dev/0a520148bdfdbd7c/69178450e28c1a0b",
            "certificate_arn": null,
            "default_action": [
              {
                "authenticate_cognito": [],
                "authenticate_oidc": [],
                "fixed_response": [],
                "forward": [],
                "order": 1,
                "redirect": [],
                "target_group_arn": "arn:aws:elasticloadbalancing:us-west-2:776567512687:targetgroup/sbh-tg-dev/a6d64f53ae1ece6d",
                "type": "forward"
              }
            ],
            "id": "arn:aws:elasticloadbalancing:us-west-2:776567512687:listener/app/sbh-alb-dev/0a520148bdfdbd7c/69178450e28c1a0b",
            "load_balancer_arn": "arn:aws:elasticloadbalancing:us-west-2:776567512687:loadbalancer/app/sbh-alb-dev/0a520148bdfdbd7c",
            "mutual_authentication": [],
            "port": 80,
            "protocol": "HTTP",
            "routing_http_request_x_amzn_mtls_clientcert_header_name": null,
            "routing_http_request_x_amzn_mtls_clientcert_issuer_header_name": null,
            "routing_http_request_x_amzn_mtls_clientcert_leaf_header_name": null,
            "routing_http_request_x_amzn_mtls_clientcert_serial_number_header_name": null,
            "routing_http_request_x_amzn_mtls_clientcert_subject_header_name": null,
            "routing_http_request_x_amzn_mtls_clientcert_validity_header_name": null,
            "routing_http_request_x_amzn_tls_cipher_suite_header_name": null,
            "routing_http_request_x_amzn_tls_version_header_name": null,
            "routing_http_response_access_control_allow_credentials_header_value": "",
            "routing_http_response_access_control_allow_headers_header_value": "",
            "routing_http_response_access_control_allow_methods_header_value": "",
            "routing_http_response_access_control_allow_origin_header_value": "",
            "routing_http_response_access_control_expose_headers_header_value": "",
            "routing_http_response_access_control_max_age_header_value": "",
            "routing_http_response_content_security_policy_header_value": "",
            "routing_http_response_server_enabled": true,
            "routing_http_response_strict_transport_security_header_value": "",
            "routing_http_response_x_content_type_options_header_value": "",
            "routing_http_response_x_frame_options_header_value": "",
            "ssl_policy": "",
            "tags": {
              "Environment": "dev",
              "Name": "sbh-http-listener-dev",
              "Project": "sbh"
            },
            "tags_all": {
              "Environment": "dev",
              "Name": "sbh-http-listener-dev",
              "Project": "sbh"
            },
            "tcp_idle_timeout_seconds": null,
            "timeouts": null
          },
          "sensitive_attributes": [],
          "identity_schema_version": 0,
          "private": "eyJlMmJmYjczMC1lY2FhLTExZTYtOGY4OC0zNDM2M2JjN2M0YzAiOnsiY3JlYXRlIjozMDAwMDAwMDAwMDAsInVwZGF0ZSI6MzAwMDAwMDAwMDAwfX0=",
          "dependencies": [
            "aws_lb.sbh_alb",
            "aws_lb_target_group.sbh_tg",
            "aws_security_group.sbh_alb_sg",
            "aws_subnet.sbh_public_subnets",
            "aws_vpc.sbh_vpc",
            "data.aws_availability_zones.available"
          ]
        }
      ]
    },
    {
      "mode": "managed",
      "type": "aws_lb_target_group",
      "name": "sbh_tg",
      "provider": "provider[\"registry.terraform.io/hashicorp/aws\"]",
      "instances": [
        {
          "schema_version": 0,
          "attributes": {
            "arn": "arn:aws:elasticloadbalancing:us-west-2:776567512687:targetgroup/sbh-tg-dev/a6d64f53ae1ece6d",
            "arn_suffix": "targetgroup/sbh-tg-dev/a6d64f53ae1ece6d",
            "connection_termination": null,
            "deregistration_delay": "300",
            "health_check": [
              {
                "enabled": true,
                "healthy_threshold": 2,
                "interval": 30,
                "matcher": "200",
                "path": "/api/health",
                "port": "traffic-port",
                "protocol": "HTTP",
                "timeout": 5,
                "unhealthy_threshold": 2
              }
            ],
            "id": "arn:aws:elasticloadbalancing:us-west-2:776567512687:targetgroup/sbh-tg-dev/a6d64f53ae1ece6d",
            "ip_address_type": "ipv4",
            "lambda_multi_value_headers_enabled": false,
            "load_balancer_arns": [
              "arn:aws:elasticloadbalancing:us-west-2:776567512687:loadbalancer/app/sbh-alb-dev/0a520148bdfdbd7c"
            ],
            "load_balancing_algorithm_type": "round_robin",
            "load_balancing_anomaly_mitigation": "off",
            "load_balancing_cross_zone_enabled": "use_load_balancer_configuration",
            "name": "sbh-tg-dev",
            "name_prefix": "",
            "port": 8000,
            "preserve_client_ip": null,
            "protocol": "HTTP",
            "protocol_version": "HTTP1",
            "proxy_protocol_v2": false,
            "slow_start": 0,
            "stickiness": [
              {
                "cookie_duration": 86400,
                "cookie_name": "",
                "enabled": false,
                "type": "lb_cookie"
              }
            ],
            "tags": {
              "Environment": "dev",
              "Name": "sbh-tg-dev",
              "Project": "sbh"
            },
            "tags_all": {
              "Environment": "dev",
              "Name": "sbh-tg-dev",
              "Project": "sbh"
            },
            "target_failover": [
              {
                "on_deregistration": null,
                "on_unhealthy": null
              }
            ],
            "target_group_health": [
              {
                "dns_failover": [
                  {
                    "minimum_healthy_targets_count": "1",
                    "minimum_healthy_targets_percentage": "off"
                  }
                ],
                "unhealthy_state_routing": [
                  {
                    "minimum_healthy_targets_count": 1,
                    "minimum_healthy_targets_percentage": "off"
                  }
                ]
              }
            ],
            "target_health_state": [
              {
                "enable_unhealthy_connection_termination": null,
                "unhealthy_draining_interval": null
              }
            ],
            "target_type": "ip",
            "vpc_id": "vpc-07e91ce7d5f546fb2"
          },
          "sensitive_attributes": [],
          "identity_schema_version": 0,
          "private": "bnVsbA==",
          "dependencies": [
            "aws_vpc.sbh_vpc"
          ]
        }
      ]
    },
    {
      "mode": "managed",
      "type": "aws_route_table",
      "name": "sbh_public_rt",
      "provider": "provider[\"registry.terraform.io/hashicorp/aws\"]",
      "instances": [
        {
          "schema_version": 0,
          "attributes": {
            "arn": "arn:aws:ec2:us-west-2:776567512687:route-table/rtb-0eb4129f0ee6a74d4",
            "id": "rtb-0eb4129f0ee6a74d4",
            "owner_id": "776567512687",
            "propagating_vgws": [],
            "route": [
              {
                "carrier_gateway_id": "",
                "cidr_block": "0.0.0.0/0",
                "core_network_arn": "",
                "destination_prefix_list_id": "",
                "egress_only_gateway_id": "",
                "gateway_id": "igw-0022f54c843d499d3",
                "ipv6_cidr_block": "",
                "local_gateway_id": "",
                "nat_gateway_id": "",
                "network_interface_id": "",
                "transit_gateway_id": "",
                "vpc_endpoint_id": "",
                "vpc_peering_connection_id": ""
              }
            ],
            "tags": {
              "Environment": "dev",
              "Name": "sbh-public-rt-dev",
              "Project": "sbh"
            },
            "tags_all": {
              "Environment": "dev",
              "Name": "sbh-public-rt-dev",
              "Project": "sbh"
            },
            "timeouts": null,
            "vpc_id": "vpc-07e91ce7d5f546fb2"
          },
          "sensitive_attributes": [],
          "identity_schema_version": 0,
          "private": "eyJlMmJmYjczMC1lY2FhLTExZTYtOGY4OC0zNDM2M2JjN2M0YzAiOnsiY3JlYXRlIjozMDAwMDAwMDAwMDAsImRlbGV0ZSI6MzAwMDAwMDAwMDAwLCJ1cGRhdGUiOjEyMDAwMDAwMDAwMH19",
          "dependencies": [
            "aws_internet_gateway.sbh_igw",
            "aws_vpc.sbh_vpc"
          ]
        }
      ]
    },
    {
      "mode": "managed",
      "type": "aws_route_table_association",
      "name": "sbh_public_rta",
      "provider": "provider[\"registry.terraform.io/hashicorp/aws\"]",
      "instances": [
        {
          "index_key": 0,
          "schema_version": 0,
          "attributes": {
            "gateway_id": "",
            "id": "rtbassoc-0327148a7d4fb3593",
            "route_table_id": "rtb-0eb4129f0ee6a74d4",
            "subnet_id": "subnet-06c196d241873f2af",
            "timeouts": null
          },
          "sensitive_attributes": [],
          "identity_schema_version": 0,
          "private": "eyJlMmJmYjczMC1lY2FhLTExZTYtOGY4OC0zNDM2M2JjN2M0YzAiOnsiY3JlYXRlIjozMDAwMDAwMDAwMDAsImRlbGV0ZSI6MzAwMDAwMDAwMDAwLCJ1cGRhdGUiOjEyMDAwMDAwMDAwMH19",
          "dependencies": [
            "aws_internet_gateway.sbh_igw",
            "aws_route_table.sbh_public_rt",
            "aws_subnet.sbh_public_subnets",
            "aws_vpc.sbh_vpc",
            "data.aws_availability_zones.available"
          ]
        },
        {
          "index_key": 1,
          "schema_version": 0,
          "attributes": {
            "gateway_id": "",
            "id": "rtbassoc-050ec62bd057321e2",
            "route_table_id": "rtb-0eb4129f0ee6a74d4",
            "subnet_id": "subnet-011cd0f0dcba5c788",
            "timeouts": null
          },
          "sensitive_attributes": [],
          "identity_schema_version": 0,
          "private": "eyJlMmJmYjczMC1lY2FhLTExZTYtOGY4OC0zNDM2M2JjN2M0YzAiOnsiY3JlYXRlIjozMDAwMDAwMDAwMDAsImRlbGV0ZSI6MzAwMDAwMDAwMDAwLCJ1cGRhdGUiOjEyMDAwMDAwMDAwMH19",
          "dependencies": [
            "aws_internet_gateway.sbh_igw",
            "aws_route_table.sbh_public_rt",
            "aws_subnet.sbh_public_subnets",
            "aws_vpc.sbh_vpc",
            "data.aws_availability_zones.available"
          ]
        }
      ]
    },
    {
      "mode": "managed",
      "type": "aws_s3_bucket",
      "name": "sbh_workspace",
      "provider": "provider[\"registry.terraform.io/hashicorp/aws\"]",
      "instances": [
        {
          "schema_version": 0,
          "attributes": {
            "acceleration_status": "",
            "acl": null,
            "arn": "arn:aws:s3:::sbh-workspace-dev-b8aedb34",
            "bucket": "sbh-workspace-dev-b8aedb34",
            "bucket_domain_name": "sbh-workspace-dev-b8aedb34.s3.amazonaws.com",
            "bucket_prefix": "",
            "bucket_regional_domain_name": "sbh-workspace-dev-b8aedb34.s3.us-west-2.amazonaws.com",
            "cors_rule": [],
            "force_destroy": false,
            "grant": [
              {
                "id": "36b419d53c019a4521b5d918c09a00f482e4195d251b49673bed73ac62528f1a",
                "permissions": [
                  "FULL_CONTROL"
                ],
                "type": "CanonicalUser",
                "uri": ""
              }
            ],
            "hosted_zone_id": "Z3BJ6K6RIION7M",
            "id": "sbh-workspace-dev-b8aedb34",
            "lifecycle_rule": [],
            "logging": [],
            "object_lock_configuration": [],
            "object_lock_enabled": false,
            "policy": "",
            "region": "us-west-2",
            "replication_configuration": [],
            "request_payer": "BucketOwner",
            "server_side_encryption_configuration": [
              {
                "rule": [
                  {
                    "apply_server_side_encryption_by_default": [
                      {
                        "kms_master_key_id": "",
                        "sse_algorithm": "AES256"
                      }
                    ],
                    "bucket_key_enabled": false
                  }
                ]
              }
            ],
            "tags": {
              "Environment": "dev",
              "Name": "sbh-workspace-dev",
              "Project": "sbh"
            },
            "tags_all": {
              "Environment": "dev",
              "Name": "sbh-workspace-dev",
              "Project": "sbh"
            },
            "timeouts": null,
            "versioning": [
              {
                "enabled": true,
                "mfa_delete": false
              }
            ],
            "website": [],
            "website_domain": null,
            "website_endpoint": null
          },
          "sensitive_attributes": [],
          "identity_schema_version": 0,
          "private": "eyJlMmJmYjczMC1lY2FhLTExZTYtOGY4OC0zNDM2M2JjN2M0YzAiOnsiY3JlYXRlIjoxMjAwMDAwMDAwMDAwLCJkZWxldGUiOjM2MDAwMDAwMDAwMDAsInJlYWQiOjEyMDAwMDAwMDAwMDAsInVwZGF0ZSI6MTIwMDAwMDAwMDAwMH19",
          "dependencies": [
            "random_id.bucket_suffix"
          ]
        }
      ]
    },
    {
      "mode": "managed",
      "type": "aws_s3_bucket_server_side_encryption_configuration",
      "name": "sbh_workspace_encryption",
      "provider": "provider[\"registry.terraform.io/hashicorp/aws\"]",
      "instances": [
        {
          "schema_version": 0,
          "attributes": {
            "bucket": "sbh-workspace-dev-b8aedb34",
            "expected_bucket_owner": "",
            "id": "sbh-workspace-dev-b8aedb34",
            "rule": [
              {
                "apply_server_side_encryption_by_default": [
                  {
                    "kms_master_key_id": "",
                    "sse_algorithm": "AES256"
                  }
                ],
                "bucket_key_enabled": false
              }
            ]
          },
          "sensitive_attributes": [],
          "identity_schema_version": 0,
          "private": "bnVsbA==",
          "dependencies": [
            "aws_s3_bucket.sbh_workspace",
            "random_id.bucket_suffix"
          ]
        }
      ]
    },
    {
      "mode": "managed",
      "type": "aws_s3_bucket_versioning",
      "name": "sbh_workspace_versioning",
      "provider": "provider[\"registry.terraform.io/hashicorp/aws\"]",
      "instances": [
        {
          "schema_version": 0,
          "attributes": {
            "bucket": "sbh-workspace-dev-b8aedb34",
            "expected_bucket_owner": "",
            "id": "sbh-workspace-dev-b8aedb34",
            "mfa": null,
            "versioning_configuration": [
              {
                "mfa_delete": "",
                "status": "Enabled"
              }
            ]
          },
          "sensitive_attributes": [],
          "identity_schema_version": 0,
          "private": "bnVsbA==",
          "dependencies": [
            "aws_s3_bucket.sbh_workspace",
            "random_id.bucket_suffix"
          ]
        }
      ]
    },
    {
      "mode": "managed",
      "type": "aws_security_group",
      "name": "sbh_alb_sg",
      "provider": "provider[\"registry.terraform.io/hashicorp/aws\"]",
      "instances": [
        {
          "schema_version": 1,
          "attributes": {
            "arn": "arn:aws:ec2:us-west-2:776567512687:security-group/sg-04489e09a5bf64040",
            "description": "Managed by Terraform",
            "egress": [
              {
                "cidr_blocks": [
                  "0.0.0.0/0"
                ],
                "description": "",
                "from_port": 0,
                "ipv6_cidr_blocks": [],
                "prefix_list_ids": [],
                "protocol": "-1",
                "security_groups": [],
                "self": false,
                "to_port": 0
              }
            ],
            "id": "sg-04489e09a5bf64040",
            "ingress": [
              {
                "cidr_blocks": [
                  "0.0.0.0/0"
                ],
                "description": "",
                "from_port": 443,
                "ipv6_cidr_blocks": [],
                "prefix_list_ids": [],
                "protocol": "tcp",
                "security_groups": [],
                "self": false,
                "to_port": 443
              },
              {
                "cidr_blocks": [
                  "0.0.0.0/0"
                ],
                "description": "",
                "from_port": 80,
                "ipv6_cidr_blocks": [],
                "prefix_list_ids": [],
                "protocol": "tcp",
                "security_groups": [],
                "self": false,
                "to_port": 80
              }
            ],
            "name": "sbh-alb-sg-dev20250913041317151400000007",
            "name_prefix": "sbh-alb-sg-dev",
            "owner_id": "776567512687",
            "revoke_rules_on_delete": false,
            "tags": {
              "Environment": "dev",
              "Name": "sbh-alb-sg-dev",
              "Project": "sbh"
            },
            "tags_all": {
              "Environment": "dev",
              "Name": "sbh-alb-sg-dev",
              "Project": "sbh"
            },
            "timeouts": null,
            "vpc_id": "vpc-07e91ce7d5f546fb2"
          },
          "sensitive_attributes": [],
          "identity_schema_version": 0,
          "private": "eyJlMmJmYjczMC1lY2FhLTExZTYtOGY4OC0zNDM2M2JjN2M0YzAiOnsiY3JlYXRlIjo2MDAwMDAwMDAwMDAsImRlbGV0ZSI6OTAwMDAwMDAwMDAwfSwic2NoZW1hX3ZlcnNpb24iOiIxIn0=",
          "dependencies": [
            "aws_vpc.sbh_vpc"
          ]
        }
      ]
    },
    {
      "mode": "managed",
      "type": "aws_security_group",
      "name": "sbh_ecs_sg",
      "provider": "provider[\"registry.terraform.io/hashicorp/aws\"]",
      "instances": [
        {
          "schema_version": 1,
          "attributes": {
            "arn": "arn:aws:ec2:us-west-2:776567512687:security-group/sg-08f0e467d804ce61f",
            "description": "Managed by Terraform",
            "egress": [
              {
                "cidr_blocks": [
                  "0.0.0.0/0"
                ],
                "description": "",
                "from_port": 0,
                "ipv6_cidr_blocks": [],
                "prefix_list_ids": [],
                "protocol": "-1",
                "security_groups": [],
                "self": false,
                "to_port": 0
              }
            ],
            "id": "sg-08f0e467d804ce61f",
            "ingress": [
              {
                "cidr_blocks": [],
                "description": "",
                "from_port": 8000,
                "ipv6_cidr_blocks": [],
                "prefix_list_ids": [],
                "protocol": "tcp",
                "security_groups": [
                  "sg-04489e09a5bf64040"
                ],
                "self": false,
                "to_port": 8000
              }
            ],
            "name": "sbh-ecs-sg-dev20250913041319922200000009",
            "name_prefix": "sbh-ecs-sg-dev",
            "owner_id": "776567512687",
            "revoke_rules_on_delete": false,
            "tags": {
              "Environment": "dev",
              "Name": "sbh-ecs-sg-dev",
              "Project": "sbh"
            },
            "tags_all": {
              "Environment": "dev",
              "Name": "sbh-ecs-sg-dev",
              "Project": "sbh"
            },
            "timeouts": null,
            "vpc_id": "vpc-07e91ce7d5f546fb2"
          },
          "sensitive_attributes": [],
          "identity_schema_version": 0,
          "private": "eyJlMmJmYjczMC1lY2FhLTExZTYtOGY4OC0zNDM2M2JjN2M0YzAiOnsiY3JlYXRlIjo2MDAwMDAwMDAwMDAsImRlbGV0ZSI6OTAwMDAwMDAwMDAwfSwic2NoZW1hX3ZlcnNpb24iOiIxIn0=",
          "dependencies": [
            "aws_security_group.sbh_alb_sg",
            "aws_vpc.sbh_vpc"
          ]
        }
      ]
    },
    {
      "mode": "managed",
      "type": "aws_security_group",
      "name": "sbh_rds_sg",
      "provider": "provider[\"registry.terraform.io/hashicorp/aws\"]",
      "instances": [
        {
          "schema_version": 1,
          "attributes": {
            "arn": "arn:aws:ec2:us-west-2:776567512687:security-group/sg-044e7d50245ba376d",
            "description": "Managed by Terraform",
            "egress": [],
            "id": "sg-044e7d50245ba376d",
            "ingress": [
              {
                "cidr_blocks": [],
                "description": "",
                "from_port": 5432,
                "ipv6_cidr_blocks": [],
                "prefix_list_ids": [],
                "protocol": "tcp",
                "security_groups": [
                  "sg-08f0e467d804ce61f"
                ],
                "self": false,
                "to_port": 5432
              }
            ],
            "name": "sbh-rds-sg-dev2025091304132272380000000a",
            "name_prefix": "sbh-rds-sg-dev",
            "owner_id": "776567512687",
            "revoke_rules_on_delete": false,
            "tags": {
              "Environment": "dev",
              "Name": "sbh-rds-sg-dev",
              "Project": "sbh"
            },
            "tags_all": {
              "Environment": "dev",
              "Name": "sbh-rds-sg-dev",
              "Project": "sbh"
            },
            "timeouts": null,
            "vpc_id": "vpc-07e91ce7d5f546fb2"
          },
          "sensitive_attributes": [],
          "identity_schema_version": 0,
          "private": "eyJlMmJmYjczMC1lY2FhLTExZTYtOGY4OC0zNDM2M2JjN2M0YzAiOnsiY3JlYXRlIjo2MDAwMDAwMDAwMDAsImRlbGV0ZSI6OTAwMDAwMDAwMDAwfSwic2NoZW1hX3ZlcnNpb24iOiIxIn0=",
          "dependencies": [
            "aws_security_group.sbh_alb_sg",
            "aws_security_group.sbh_ecs_sg",
            "aws_vpc.sbh_vpc"
          ]
        }
      ]
    },
    {
      "mode": "managed",
      "type": "aws_service_discovery_private_dns_namespace",
      "name": "sbh_namespace",
      "provider": "provider[\"registry.terraform.io/hashicorp/aws\"]",
      "instances": [
        {
          "schema_version": 0,
          "attributes": {
            "arn": "arn:aws:servicediscovery:us-west-2:776567512687:namespace/ns-dmpsxbqual6ixsgs",
            "description": "SBH service discovery namespace",
            "hosted_zone": "Z07159532D0547OPYW88R",
            "id": "ns-dmpsxbqual6ixsgs",
            "name": "sbh.local",
            "tags": {
              "Environment": "dev",
              "Name": "sbh-namespace-dev",
              "Project": "sbh"
            },
            "tags_all": {
              "Environment": "dev",
              "Name": "sbh-namespace-dev",
              "Project": "sbh"
            },
            "vpc": "vpc-07e91ce7d5f546fb2"
          },
          "sensitive_attributes": [],
          "identity_schema_version": 0,
          "private": "bnVsbA==",
          "dependencies": [
            "aws_vpc.sbh_vpc"
          ]
        }
      ]
    },
    {
      "mode": "managed",
      "type": "aws_service_discovery_service",
      "name": "sbh_service",
      "provider": "provider[\"registry.terraform.io/hashicorp/aws\"]",
      "instances": [
        {
          "schema_version": 0,
          "attributes": {
            "arn": "arn:aws:servicediscovery:us-west-2:776567512687:service/srv-udczx5dg4e2hign2",
            "description": "",
            "dns_config": [
              {
                "dns_records": [
                  {
                    "ttl": 10,
                    "type": "A"
                  }
                ],
                "namespace_id": "ns-dmpsxbqual6ixsgs",
                "routing_policy": "MULTIVALUE"
              }
            ],
            "force_destroy": false,
            "health_check_config": [],
            "health_check_custom_config": [],
            "id": "srv-udczx5dg4e2hign2",
            "name": "sbh-service",
            "namespace_id": "ns-dmpsxbqual6ixsgs",
            "tags": {
              "Environment": "dev",
              "Name": "sbh-service-discovery-dev",
              "Project": "sbh"
            },
            "tags_all": {
              "Environment": "dev",
              "Name": "sbh-service-discovery-dev",
              "Project": "sbh"
            },
            "type": "DNS_HTTP"
          },
          "sensitive_attributes": [],
          "identity_schema_version": 0,
          "private": "bnVsbA==",
          "dependencies": [
            "aws_service_discovery_private_dns_namespace.sbh_namespace",
            "aws_vpc.sbh_vpc"
          ]
        }
      ]
    },
    {
      "mode": "managed",
      "type": "aws_subnet",
      "name": "sbh_private_subnets",
      "provider": "provider[\"registry.terraform.io/hashicorp/aws\"]",
      "instances": [
        {
          "index_key": 0,
          "schema_version": 1,
          "attributes": {
            "arn": "arn:aws:ec2:us-west-2:776567512687:subnet/subnet-00383f1b7b5d0e741",
            "assign_ipv6_address_on_creation": false,
            "availability_zone": "us-west-2a",
            "availability_zone_id": "usw2-az2",
            "cidr_block": "10.0.10.0/24",
            "customer_owned_ipv4_pool": "",
            "enable_dns64": false,
            "enable_lni_at_device_index": 0,
            "enable_resource_name_dns_a_record_on_launch": false,
            "enable_resource_name_dns_aaaa_record_on_launch": false,
            "id": "subnet-00383f1b7b5d0e741",
            "ipv6_cidr_block": "",
            "ipv6_cidr_block_association_id": "",
            "ipv6_native": false,
            "map_customer_owned_ip_on_launch": false,
            "map_public_ip_on_launch": false,
            "outpost_arn": "",
            "owner_id": "776567512687",
            "private_dns_hostname_type_on_launch": "ip-name",
            "tags": {
              "Environment": "dev",
              "Name": "sbh-private-subnet-1-dev",
              "Project": "sbh",
              "Type": "private"
            },
            "tags_all": {
              "Environment": "dev",
              "Name": "sbh-private-subnet-1-dev",
              "Project": "sbh",
              "Type": "private"
            },
            "timeouts": null,
            "vpc_id": "vpc-07e91ce7d5f546fb2"
          },
          "sensitive_attributes": [],
          "identity_schema_version": 0,
          "private": "eyJlMmJmYjczMC1lY2FhLTExZTYtOGY4OC0zNDM2M2JjN2M0YzAiOnsiY3JlYXRlIjo2MDAwMDAwMDAwMDAsImRlbGV0ZSI6MTIwMDAwMDAwMDAwMH0sInNjaGVtYV92ZXJzaW9uIjoiMSJ9",
          "dependencies": [
            "aws_vpc.sbh_vpc",
            "data.aws_availability_zones.available"
          ]
        },
        {
          "index_key": 1,
          "schema_version": 1,
          "attributes": {
            "arn": "arn:aws:ec2:us-west-2:776567512687:subnet/subnet-0ccd0929dd583657b",
            "assign_ipv6_address_on_creation": false,
            "availability_zone": "us-west-2b",
            "availability_zone_id": "usw2-az1",
            "cidr_block": "10.0.11.0/24",
            "customer_owned_ipv4_pool": "",
            "enable_dns64": false,
            "enable_lni_at_device_index": 0,
            "enable_resource_name_dns_a_record_on_launch": false,
            "enable_resource_name_dns_aaaa_record_on_launch": false,
            "id": "subnet-0ccd0929dd583657b",
            "ipv6_cidr_block": "",
            "ipv6_cidr_block_association_id": "",
            "ipv6_native": false,
            "map_customer_owned_ip_on_launch": false,
            "map_public_ip_on_launch": false,
            "outpost_arn": "",
            "owner_id": "776567512687",
            "private_dns_hostname_type_on_launch": "ip-name",
            "tags": {
              "Environment": "dev",
              "Name": "sbh-private-subnet-2-dev",
              "Project": "sbh",
              "Type": "private"
            },
            "tags_all": {
              "Environment": "dev",
              "Name": "sbh-private-subnet-2-dev",
              "Project": "sbh",
              "Type": "private"
            },
            "timeouts": null,
            "vpc_id": "vpc-07e91ce7d5f546fb2"
          },
          "sensitive_attributes": [],
          "identity_schema_version": 0,
          "private": "eyJlMmJmYjczMC1lY2FhLTExZTYtOGY4OC0zNDM2M2JjN2M0YzAiOnsiY3JlYXRlIjo2MDAwMDAwMDAwMDAsImRlbGV0ZSI6MTIwMDAwMDAwMDAwMH0sInNjaGVtYV92ZXJzaW9uIjoiMSJ9",
          "dependencies": [
            "aws_vpc.sbh_vpc",
            "data.aws_availability_zones.available"
          ]
        }
      ]
    },
    {
      "mode": "managed",
      "type": "aws_subnet",
      "name": "sbh_public_subnets",
      "provider": "provider[\"registry.terraform.io/hashicorp/aws\"]",
      "instances": [
        {
          "index_key": 0,
          "schema_version": 1,
          "attributes": {
            "arn": "arn:aws:ec2:us-west-2:776567512687:subnet/subnet-06c196d241873f2af",
            "assign_ipv6_address_on_creation": false,
            "availability_zone": "us-west-2a",
            "availability_zone_id": "usw2-az2",
            "cidr_block": "10.0.1.0/24",
            "customer_owned_ipv4_pool": "",
            "enable_dns64": false,
            "enable_lni_at_device_index": 0,
            "enable_resource_name_dns_a_record_on_launch": false,
            "enable_resource_name_dns_aaaa_record_on_launch": false,
            "id": "subnet-06c196d241873f2af",
            "ipv6_cidr_block": "",
            "ipv6_cidr_block_association_id": "",
            "ipv6_native": false,
            "map_customer_owned_ip_on_launch": false,
            "map_public_ip_on_launch": true,
            "outpost_arn": "",
            "owner_id": "776567512687",
            "private_dns_hostname_type_on_launch": "ip-name",
            "tags": {
              "Environment": "dev",
              "Name": "sbh-public-subnet-1-dev",
              "Project": "sbh",
              "Type": "public"
            },
            "tags_all": {
              "Environment": "dev",
              "Name": "sbh-public-subnet-1-dev",
              "Project": "sbh",
              "Type": "public"
            },
            "timeouts": null,
            "vpc_id": "vpc-07e91ce7d5f546fb2"
          },
          "sensitive_attributes": [],
          "identity_schema_version": 0,
          "private": "eyJlMmJmYjczMC1lY2FhLTExZTYtOGY4OC0zNDM2M2JjN2M0YzAiOnsiY3JlYXRlIjo2MDAwMDAwMDAwMDAsImRlbGV0ZSI6MTIwMDAwMDAwMDAwMH0sInNjaGVtYV92ZXJzaW9uIjoiMSJ9",
          "dependencies": [
            "aws_vpc.sbh_vpc",
            "data.aws_availability_zones.available"
          ]
        },
        {
          "index_key": 1,
          "schema_version": 1,
          "attributes": {
            "arn": "arn:aws:ec2:us-west-2:776567512687:subnet/subnet-011cd0f0dcba5c788",
            "assign_ipv6_address_on_creation": false,
            "availability_zone": "us-west-2b",
            "availability_zone_id": "usw2-az1",
            "cidr_block": "10.0.2.0/24",
            "customer_owned_ipv4_pool": "",
            "enable_dns64": false,
            "enable_lni_at_device_index": 0,
            "enable_resource_name_dns_a_record_on_launch": false,
            "enable_resource_name_dns_aaaa_record_on_launch": false,
            "id": "subnet-011cd0f0dcba5c788",
            "ipv6_cidr_block": "",
            "ipv6_cidr_block_association_id": "",
            "ipv6_native": false,
            "map_customer_owned_ip_on_launch": false,
            "map_public_ip_on_launch": true,
            "outpost_arn": "",
            "owner_id": "776567512687",
            "private_dns_hostname_type_on_launch": "ip-name",
            "tags": {
              "Environment": "dev",
              "Name": "sbh-public-subnet-2-dev",
              "Project": "sbh",
              "Type": "public"
            },
            "tags_all": {
              "Environment": "dev",
              "Name": "sbh-public-subnet-2-dev",
              "Project": "sbh",
              "Type": "public"
            },
            "timeouts": null,
            "vpc_id": "vpc-07e91ce7d5f546fb2"
          },
          "sensitive_attributes": [],
          "identity_schema_version": 0,
          "private": "eyJlMmJmYjczMC1lY2FhLTExZTYtOGY4OC0zNDM2M2JjN2M0YzAiOnsiY3JlYXRlIjo2MDAwMDAwMDAwMDAsImRlbGV0ZSI6MTIwMDAwMDAwMDAwMH0sInNjaGVtYV92ZXJzaW9uIjoiMSJ9",
          "dependencies": [
            "aws_vpc.sbh_vpc",
            "data.aws_availability_zones.available"
          ]
        }
      ]
    },
    {
      "mode": "managed",
      "type": "aws_vpc",
      "name": "sbh_vpc",
      "provider": "provider[\"registry.terraform.io/hashicorp/aws\"]",
      "instances": [
        {
          "schema_version": 1,
          "attributes": {
            "arn": "arn:aws:ec2:us-west-2:776567512687:vpc/vpc-07e91ce7d5f546fb2",
            "assign_generated_ipv6_cidr_block": false,
            "cidr_block": "10.0.0.0/16",
            "default_network_acl_id": "acl-01479d1fb17a0065e",
            "default_route_table_id": "rtb-08e3471d99ce16815",
            "default_security_group_id": "sg-07224f976c5c60076",
            "dhcp_options_id": "dopt-0b85b5bd0a473072c",
            "enable_dns_hostnames": true,
            "enable_dns_support": true,
            "enable_network_address_usage_metrics": false,
            "id": "vpc-07e91ce7d5f546fb2",
            "instance_tenancy": "default",
            "ipv4_ipam_pool_id": null,
            "ipv4_netmask_length": null,
            "ipv6_association_id": "",
            "ipv6_cidr_block": "",
            "ipv6_cidr_block_network_border_group": "",
            "ipv6_ipam_pool_id": "",
            "ipv6_netmask_length": 0,
            "main_route_table_id": "rtb-08e3471d99ce16815",
            "owner_id": "776567512687",
            "tags": {
              "Environment": "dev",
              "Name": "sbh-vpc-dev",
              "Project": "sbh"
            },
            "tags_all": {
              "Environment": "dev",
              "Name": "sbh-vpc-dev",
              "Project": "sbh"
            }
          },
          "sensitive_attributes": [],
          "identity_schema_version": 0,
          "private": "eyJzY2hlbWFfdmVyc2lvbiI6IjEifQ=="
        }
      ]
    },
    {
      "mode": "managed",
      "type": "random_id",
      "name": "bucket_suffix",
      "provider": "provider[\"registry.terraform.io/hashicorp/random\"]",
      "instances": [
        {
          "schema_version": 0,
          "attributes": {
            "b64_std": "uK7bNA==",
            "b64_url": "uK7bNA",
            "byte_length": 4,
            "dec": "3098467124",
            "hex": "b8aedb34",
            "id": "uK7bNA",
            "keepers": null,
            "prefix": null
          },
          "sensitive_attributes": [],
          "identity_schema_version": 0
        }
      ]
    }
  ],
  "check_results": [
    {
      "object_kind": "var",
      "config_addr": "var.environment",
      "status": "pass",
      "objects": [
        {
          "object_addr": "var.environment",
          "status": "pass"
        }
      ]
    },
    {
      "object_kind": "var",
      "config_addr": "var.project_name",
      "status": "pass",
      "objects": [
        {
          "object_addr": "var.project_name",
          "status": "pass"
        }
      ]
    },
    {
      "object_kind": "var",
      "config_addr": "var.db_password",
      "status": "pass",
      "objects": [
        {
          "object_addr": "var.db_password",
          "status": "pass"
        }
      ]
    }
  ]
}
